
Microsoft Visual Studio Solution File, Format Version 12.00
# Visual Studio 2012
Project("{2150E333-8FDC-42A3-9474-1A3956D46DE8}") = "NewFolder1", "NewFolder1", "{956A7CAE-BE95-4D3B-A93B-E63D404ED943}"
EndProject
Project("{FAE04EC0-301F-11D3-BF4B-00C04F79EFBC}") = "ACData", "ACData\ACData.csproj", "{D972DA99-6B79-4EBE-9C98-34A4682C8633}"
EndProject
Project("{FAE04EC0-301F-11D3-BF4B-00C04F79EFBC}") = "ACLib", "ACLib\ACLib.csproj", "{D396B33A-7515-42F6-9A87-D3E2E787E013}"
EndProject
Project("{FAE04EC0-301F-11D3-BF4B-00C04F79EFBC}") = "ACWeb", "ACWeb\ACWeb.csproj", "{4D8ABB5C-5A5F-46AB-BDBD-E3623F1EBE65}"
EndProject
Project("{FAE04EC0-301F-11D3-BF4B-00C04F79EFBC}") = "JoeLib", "JoeLib\JoeLib.csproj", "{1A029879-8543-4B66-B5DB-DFFEA2CD5764}"
EndProject
Global
	GlobalSection(SolutionConfigurationPlatforms) = preSolution
		Debug|Any CPU = Debug|Any CPU
		Release|Any CPU = Release|Any CPU
	EndGlobalSection
	GlobalSection(ProjectConfigurationPlatforms) = postSolution
		{D972DA99-6B79-4EBE-9C98-34A4682C8633}.Debug|Any CPU.ActiveCfg = Debug|Any CPU
		{D972DA99-6B79-4EBE-9C98-34A4682C8633}.Debug|Any CPU.Build.0 = Debug|Any CPU
		{D972DA99-6B79-4EBE-9C98-34A4682C8633}.Release|Any CPU.ActiveCfg = Release|Any CPU
		{D972DA99-6B79-4EBE-9C98-34A4682C8633}.Release|Any CPU.Build.0 = Release|Any CPU
		{D396B33A-7515-42F6-9A87-D3E2E787E013}.Debug|Any CPU.ActiveCfg = Debug|Any CPU
		{D396B33A-7515-42F6-9A87-D3E2E787E013}.Debug|Any CPU.Build.0 = Debug|Any CPU
		{D396B33A-7515-42F6-9A87-D3E2E787E013}.Release|Any CPU.ActiveCfg = Release|Any CPU
		{D396B33A-7515-42F6-9A87-D3E2E787E013}.Release|Any CPU.Build.0 = Release|Any CPU
		{4D8ABB5C-5A5F-46AB-BDBD-E3623F1EBE65}.Debug|Any CPU.ActiveCfg = Debug|Any CPU
		{4D8ABB5C-5A5F-46AB-BDBD-E3623F1EBE65}.Debug|Any CPU.Build.0 = Debug|Any CPU
		{4D8ABB5C-5A5F-46AB-BDBD-E3623F1EBE65}.Release|Any CPU.ActiveCfg = Release|Any CPU
		{4D8ABB5C-5A5F-46AB-BDBD-E3623F1EBE65}.Release|Any CPU.Build.0 = Release|Any CPU
		{1A029879-8543-4B66-B5DB-DFFEA2CD5764}.Debug|Any CPU.ActiveCfg = Debug|Any CPU
		{1A029879-8543-4B66-B5DB-DFFEA2CD5764}.Debug|Any CPU.Build.0 = Debug|Any CPU
		{1A029879-8543-4B66-B5DB-DFFEA2CD5764}.Release|Any CPU.ActiveCfg = Release|Any CPU
		{1A029879-8543-4B66-B5DB-DFFEA2CD5764}.Release|Any CPU.Build.0 = Release|Any CPU
	EndGlobalSection
	GlobalSection(SolutionProperties) = preSolution
		HideSolutionNode = FALSE
	EndGlobalSection
EndGlobal
